
Microsoft Visual Studio Solution File, Format Version 12.00
# Visual Studio Version 17
VisualStudioVersion = 17.10.34928.147
MinimumVisualStudioVersion = 10.0.40219.1
Project("{8BC9CEB8-8B4A-11D0-8D11-00A0C91BC942}") = "PlagueSuspend", "PlagueSuspend\PlagueSuspend.vcxproj", "{EE99CA2A-5C60-425C-9BDE-13E18BC58544}"
EndProject
Global
	GlobalSection(SolutionConfigurationPlatforms) = preSolution
		Debug|x64 = Debug|x64
		Debug|x86 = Debug|x86
		Release|x64 = Release|x64
		Release|x86 = Release|x86
	EndGlobalSection
	GlobalSection(ProjectConfigurationPlatforms) = postSolution
		{EE99CA2A-5C60-425C-9BDE-13E18BC58544}.Debug|x64.ActiveCfg = Debug|x64
		{EE99CA2A-5C60-425C-9BDE-13E18BC58544}.Debug|x64.Build.0 = Debug|x64
		{EE99CA2A-5C60-425C-9BDE-13E18BC58544}.Debug|x86.ActiveCfg = Debug|Win32
		{EE99CA2A-5C60-425C-9BDE-13E18BC58544}.Debug|x86.Build.0 = Debug|Win32
		{EE99CA2A-5C60-425C-9BDE-13E18BC58544}.Release|x64.ActiveCfg = Release|x64
		{EE99CA2A-5C60-425C-9BDE-13E18BC58544}.Release|x64.Build.0 = Release|x64
		{EE99CA2A-5C60-425C-9BDE-13E18BC58544}.Release|x86.ActiveCfg = Release|Win32
		{EE99CA2A-5C60-425C-9BDE-13E18BC58544}.Release|x86.Build.0 = Release|Win32
	EndGlobalSection
	GlobalSection(SolutionProperties) = preSolution
		HideSolutionNode = FALSE
	EndGlobalSection
	GlobalSection(ExtensibilityGlobals) = postSolution
		SolutionGuid = {B5B25E30-75E6-4BBD-8F02-FAC78F164C3C}
	EndGlobalSection
EndGlobal
